// !$*UTF8*$!
{
	archiveVersion = 1;
	classes = {
	};
	objectVersion = 46;
	objects = {

/* Begin PBXBuildFile section */
		182BD9761ED2E0030025ACFE /* AppDelegate.swift in Sources */ = {isa = PBXBuildFile; fileRef = 182BD9751ED2E0030025ACFE /* AppDelegate.swift */; };
		182BD9781ED2E0030025ACFE /* ViewController.swift in Sources */ = {isa = PBXBuildFile; fileRef = 182BD9771ED2E0030025ACFE /* ViewController.swift */; };
		182BD97B1ED2E0030025ACFE /* Main.storyboard in Resources */ = {isa = PBXBuildFile; fileRef = 182BD9791ED2E0030025ACFE /* Main.storyboard */; };
		182BD97D1ED2E0030025ACFE /* Assets.xcassets in Resources */ = {isa = PBXBuildFile; fileRef = 182BD97C1ED2E0030025ACFE /* Assets.xcassets */; };
		182BD9801ED2E0030025ACFE /* LaunchScreen.storyboard in Resources */ = {isa = PBXBuildFile; fileRef = 182BD97E1ED2E0030025ACFE /* LaunchScreen.storyboard */; };
/* End PBXBuildFile section */

/* Begin PBXFileReference section */
		182BD9721ED2E0030025ACFE /* xcodeTour.app */ = {isa = PBXFileReference; explicitFileType = wrapper.application; includeInIndex = 0; path = xcodeTour.app; sourceTree = BUILT_PRODUCTS_DIR; };
		182BD9751ED2E0030025ACFE /* AppDelegate.swift */ = {isa = PBXFileReference; lastKnownFileType = sourcecode.swift; path = AppDelegate.swift; sourceTree = "<group>"; };
		182BD9771ED2E0030025ACFE /* ViewController.swift */ = {isa = PBXFileReference; lastKnownFileType = sourcecode.swift; path = ViewController.swift; sourceTree = "<group>"; };
		182BD97A1ED2E0030025ACFE /* Base */ = {isa = PBXFileReference; lastKnownFileType = file.storyboard; name = Base; path = Base.lproj/Main.storyboard; sourceTree = "<group>"; };
		182BD97C1ED2E0030025ACFE /* Assets.xcassets */ = {isa = PBXFileReference; lastKnownFileType = folder.assetcatalog; path = Assets.xcassets; sourceTree = "<group>"; };
		182BD97F1ED2E0030025ACFE /* Base */ = {isa = PBXFileReference; lastKnownFileType = file.storyboard; name = Base; path = Base.lproj/LaunchScreen.storyboard; sourceTree = "<group>"; };
		182BD9811ED2E0030025ACFE /* Info.plist */ = {isa = PBXFileReference; lastKnownFileType = text.plist.xml; path = Info.plist; sourceTree = "<group>"; };
/* End PBXFileReference section */

/* Begin PBXFrameworksBuildPhase section */
		182BD96F1ED2E0030025ACFE /* Frameworks */ = {
			isa = PBXFrameworksBuildPhase;
			buildActionMask = 2147483647;
			files = (
			);
			runOnlyForDeploymentPostprocessing = 0;
		};
/* End PBXFrameworksBuildPhase section */

/* Begin PBXGroup section */
		182BD9691ED2E0030025ACFE = {
			isa = PBXGroup;
			children = (
				182BD9741ED2E0030025ACFE /* xcodeTour */,
				182BD9731ED2E0030025ACFE /* Products */,
			);
			sourceTree = "<group>";
		};
		182BD9731ED2E0030025ACFE /* Products */ = {
			isa = PBXGroup;
			children = (
				182BD9721ED2E0030025ACFE /* xcodeTour.app */,
			);
			name = Products;
			sourceTree = "<group>";
		};
		182BD9741ED2E0030025ACFE /* xcodeTour */ = {
			isa = PBXGroup;
			children = (
				182BD9751ED2E0030025ACFE /* AppDelegate.swift */,
				182BD9771ED2E0030025ACFE /* ViewController.swift */,
				182BD9791ED2E0030025ACFE /* Main.storyboard */,
				182BD97C1ED2E0030025ACFE /* Assets.xcassets */,
				182BD97E1ED2E0030025ACFE /* LaunchScreen.storyboard */,
				182BD9811ED2E0030025ACFE /* Info.plist */,
			);
			path = xcodeTour;
			sourceTree = "<group>";
		};
/* End PBXGroup section */

/* Begin PBXNativeTarget section */
		182BD9711ED2E0030025ACFE /* xcodeTour */ = {
			isa = PBXNativeTarget;
			buildConfigurationList = 182BD9841ED2E0030025ACFE /* Build configuration list for PBXNativeTarget "xcodeTour" */;
			buildPhases = (
				182BD96E1ED2E0030025ACFE /* Sources */,
				182BD96F1ED2E0030025ACFE /* Frameworks */,
				182BD9701ED2E0030025ACFE /* Resources */,
			);
			buildRules = (
			);
			dependencies = (
			);
			name = xcodeTour;
			productName = xcodeTour;
			productReference = 182BD9721ED2E0030025ACFE /* xcodeTour.app */;
			productType = "com.apple.product-type.application";
		};
/* End PBXNativeTarget section */

/* Begin PBXProject section */
		182BD96A1ED2E0030025ACFE /* Project object */ = {
			isa = PBXProject;
			attributes = {
				LastSwiftUpdateCheck = 0830;
				LastUpgradeCheck = 0830;
				ORGANIZATIONNAME = rishabh.yadav;
				TargetAttributes = {
					182BD9711ED2E0030025ACFE = {
						CreatedOnToolsVersion = 8.3.2;
						DevelopmentTeam = 3KD9VPAV7X;
						ProvisioningStyle = Automatic;
					};
				};
			};
			buildConfigurationList = 182BD96D1ED2E0030025ACFE /* Build configuration list for PBXProject "xcodeTour" */;
			compatibilityVersion = "Xcode 3.2";
			developmentRegion = English;
			hasScannedForEncodings = 0;
			knownRegions = (
				en,
				Base,
			);
			mainGroup = 182BD9691ED2E0030025ACFE;
			productRefGroup = 182BD9731ED2E0030025ACFE /* Products */;
			projectDirPath = "";
			projectRoot = "";
			targets = (
				182BD9711ED2E0030025ACFE /* xcodeTour */,
			);
		};
/* End PBXProject section */

/* Begin PBXResourcesBuildPhase section */
		182BD9701ED2E0030025ACFE /* Resources */ = {
			isa = PBXResourcesBuildPhase;
			buildActionMask = 2147483647;
			files = (
				182BD9801ED2E0030025ACFE /* LaunchScreen.storyboard in Resources */,
				182BD97D1ED2E0030025ACFE /* Assets.xcassets in Resources */,
				182BD97B1ED2E0030025ACFE /* Main.storyboard in Resources */,
			);
			runOnlyForDeploymentPostprocessing = 0;
		};
/* End PBXResourcesBuildPhase section */

/* Begin PBXSourcesBuildPhase section */
		182BD96E1ED2E0030025ACFE /* Sources */ = {
			isa = PBXSourcesBuildPhase;
			buildActionMask = 2147483647;
			files = (
				182BD9781ED2E0030025ACFE /* ViewController.swift in Sources */,
				182BD9761ED2E0030025ACFE /* AppDelegate.swift in Sources */,
			);
			runOnlyForDeploymentPostprocessing = 0;
		};
/* End PBXSourcesBuildPhase section */

/* Begin PBXVariantGroup section */
		182BD9791ED2E0030025ACFE /* Main.storyboard */ = {
			isa = PBXVariantGroup;
			children = (
				182BD97A1ED2E0030025ACFE /* Base */,
			);
			name = Main.storyboard;
			sourceTree = "<group>";
		};
		182BD97E1ED2E0030025ACFE /* LaunchScreen.storyboard */ = {
			isa = PBXVariantGroup;
			children = (
				182BD97F1ED2E0030025ACFE /* Base */,
			);
			name = LaunchScreen.storyboard;
			sourceTree = "<group>";
		};
/* End PBXVariantGroup section */

/* Begin XCBuildConfiguration section */
		182BD9821ED2E0030025ACFE /* Debug */ = {
			isa = XCBuildConfiguration;
			buildSettings = {
				ALWAYS_SEARCH_USER_PATHS = NO;
				CLANG_ANALYZER_NONNULL = YES;
				CLANG_ANALYZER_NUMBER_OBJECT_CONVERSION = YES_AGGRESSIVE;
				CLANG_CXX_LANGUAGE_STANDARD = "gnu++0x";
				CLANG_CXX_LIBRARY = "libc++";
				CLANG_ENABLE_MODULES = YES;
				CLANG_ENABLE_OBJC_ARC = YES;
				CLANG_WARN_BOOL_CONVERSION = YES;
				CLANG_WARN_CONSTANT_CONVERSION = YES;
				CLANG_WARN_DIRECT_OBJC_ISA_USAGE = YES_ERROR;
				CLANG_WARN_DOCUMENTATION_COMMENTS = YES;
				CLANG_WARN_EMPTY_BODY = YES;
				CLANG_WARN_ENUM_CONVERSION = YES;
				CLANG_WARN_INFINITE_RECURSION = YES;
				CLANG_WARN_INT_CONVERSION = YES;
				CLANG_WARN_OBJC_ROOT_CLASS = YES_ERROR;
				CLANG_WARN_SUSPICIOUS_MOVE = YES;
				CLANG_WARN_UNREACHABLE_CODE = YES;
				CLANG_WARN__DUPLICATE_METHOD_MATCH = YES;
				"CODE_SIGN_IDENTITY[sdk=iphoneos*]" = "iPhone Developer";
				COPY_PHASE_STRIP = NO;
				DEBUG_INFORMATION_FORMAT = dwarf;
				ENABLE_STRICT_OBJC_MSGSEND = YES;
				ENABLE_TESTABILITY = YES;
				GCC_C_LANGUAGE_STANDARD = gnu99;
				GCC_DYNAMIC_NO_PIC = NO;
				GCC_NO_COMMON_BLOCKS = YES;
				GCC_OPTIMIZATION_LEVEL = 0;
				GCC_PREPROCESSOR_DEFINITIONS = (
					"DEBUG=1",
					"$(inherited)",
				);
				GCC_WARN_64_TO_32_BIT_CONVERSION = YES;
				GCC_WARN_ABOUT_RETURN_TYPE = YES_ERROR;
				GCC_WARN_UNDECLARED_SELECTOR = YES;
				GCC_WARN_UNINITIALIZED_AUTOS = YES_AGGRESSIVE;
				GCC_WARN_UNUSED_FUNCTION = YES;
				GCC_WARN_UNUSED_VARIABLE = YES;
				IPHONEOS_DEPLOYMENT_TARGET = 10.3;
				MTL_ENABLE_DEBUG_INFO = YES;
				ONLY_ACTIVE_ARCH = YES;
				SDKROOT = iphoneos;
				SWIFT_ACTIVE_COMPILATION_CONDITIONS = DEBUG;
				SWIFT_OPTIMIZATION_LEVEL = "-Onone";
			};
			name = Debug;
		};
		182BD9831ED2E0030025ACFE /* Release */ = {
			isa = XCBuildConfiguration;
			buildSettings = {
				ALWAYS_SEARCH_USER_PATHS = NO;
				CLANG_ANALYZER_NONNULL = YES;
				CLANG_ANALYZER_NUMBER_OBJECT_CONVERSION = YES_AGGRESSIVE;
				CLANG_CXX_LANGUAGE_STANDARD = "gnu++0x";
				CLANG_CXX_LIBRARY = "libc++";
				CLANG_ENABLE_MODULES = YES;
				CLANG_ENABLE_OBJC_ARC = YES;
				CLANG_WARN_BOOL_CONVERSION = YES;
				CLANG_WARN_CONSTANT_CONVERSION = YES;
				CLANG_WARN_DIRECT_OBJC_ISA_USAGE = YES_ERROR;
				CLANG_WARN_DOCUMENTATION_COMMENTS = YES;
				CLANG_WARN_EMPTY_BODY = YES;
				CLANG_WARN_ENUM_CONVERSION = YES;
				CLANG_WARN_INFINITE_RECURSION = YES;
				CLANG_WARN_INT_CONVERSION = YES;
				CLANG_WARN_OBJC_ROOT_CLASS = YES_ERROR;
				CLANG_WARN_SUSPICIOUS_MOVE = YES;
				CLANG_WARN_UNREACHABLE_CODE = YES;
				CLANG_WARN__DUPLICATE_METHOD_MATCH = YES;
				"CODE_SIGN_IDENTITY[sdk=iphoneos*]" = "iPhone Developer";
				COPY_PHASE_STRIP = NO;
				DEBUG_INFORMATION_FORMAT = "dwarf-with-dsym";
				ENABLE_NS_ASSERTIONS = NO;
				ENABLE_STRICT_OBJC_MSGSEND = YES;
				GCC_C_LANGUAGE_STANDARD = gnu99;
				GCC_NO_COMMON_BLOCKS = YES;
				GCC_WARN_64_TO_32_BIT_CONVERSION = YES;
				GCC_WARN_ABOUT_RETURN_TYPE = YES_ERROR;
				GCC_WARN_UNDECLARED_SELECTOR = YES;
				GCC_WARN_UNINITIALIZED_AUTOS = YES_AGGRESSIVE;
				GCC_WARN_UNUSED_FUNCTION = YES;
				GCC_WARN_UNUSED_VARIABLE = YES;
				IPHONEOS_DEPLOYMENT_TARGET = 10.3;
				MTL_ENABLE_DEBUG_INFO = NO;
				SDKROOT = iphoneos;
				SWIFT_OPTIMIZATION_LEVEL = "-Owholemodule";
				VALIDATE_PRODUCT = YES;
			};
			name = Release;
		};
		182BD9851ED2E0030025ACFE /* Debug */ = {
			isa = XCBuildConfiguration;
			buildSettings = {
				ASSETCATALOG_COMPILER_APPICON_NAME = AppIcon;
				DEVELOPMENT_TEAM = 3KD9VPAV7X;
				INFOPLIST_FILE = xcodeTour/Info.plist;
				LD_RUNPATH_SEARCH_PATHS = "$(inherited) @executable_path/Frameworks";
				PRODUCT_BUNDLE_IDENTIFIER = com.rishabh.xcodeTour;
				PRODUCT_NAME = "$(TARGET_NAME)";
				SWIFT_VERSION = 3.0;
			};
			name = Debug;
		};
		182BD9861ED2E0030025ACFE /* Release */ = {
			isa = XCBuildConfiguration;
			buildSettings = {
				ASSETCATALOG_COMPILER_APPICON_NAME = AppIcon;
				DEVELOPMENT_TEAM = 3KD9VPAV7X;
				INFOPLIST_FILE = xcodeTour/Info.plist;
				LD_RUNPATH_SEARCH_PATHS = "$(inherited) @executable_path/Frameworks";
				PRODUCT_BUNDLE_IDENTIFIER = com.rishabh.xcodeTour;
				PRODUCT_NAME = "$(TARGET_NAME)";
				SWIFT_VERSION = 3.0;
			};
			name = Release;
		};
/* End XCBuildConfiguration section */

/* Begin XCConfigurationList section */
		182BD96D1ED2E0030025ACFE /* Build configuration list for PBXProject "xcodeTour" */ = {
			isa = XCConfigurationList;
			buildConfigurations = (
				182BD9821ED2E0030025ACFE /* Debug */,
				182BD9831ED2E0030025ACFE /* Release */,
			);
			defaultConfigurationIsVisible = 0;
			defaultConfigurationName = Release;
		};
		182BD9841ED2E0030025ACFE /* Build configuration list for PBXNativeTarget "xcodeTour" */ = {
			isa = XCConfigurationList;
			buildConfigurations = (
				182BD9851ED2E0030025ACFE /* Debug */,
				182BD9861ED2E0030025ACFE /* Release */,
			);
			defaultConfigurationIsVisible = 0;
		};
/* End XCConfigurationList section */
	};
	rootObject = 182BD96A1ED2E0030025ACFE /* Project object */;
}
